
Microsoft Visual Studio Solution File, Format Version 12.00
# Visual Studio Version 17
VisualStudioVersion = 17.5.002.0
MinimumVisualStudioVersion = 10.0.40219.1
Project("{9A19103F-16F7-4668-BE54-9A1E7A4F7556}") = "NobelPrizeApp", "NobelPrizeApp.csproj", "{72A74BE2-64E8-483D-8597-DA54BD3125BB}"
EndProject
Global
	GlobalSection(SolutionConfigurationPlatforms) = preSolution
		Debug|Any CPU = Debug|Any CPU
		Release|Any CPU = Release|Any CPU
	EndGlobalSection
	GlobalSection(ProjectConfigurationPlatforms) = postSolution
		{72A74BE2-64E8-483D-8597-DA54BD3125BB}.Debug|Any CPU.ActiveCfg = Debug|Any CPU
		{72A74BE2-64E8-483D-8597-DA54BD3125BB}.Debug|Any CPU.Build.0 = Debug|Any CPU
		{72A74BE2-64E8-483D-8597-DA54BD3125BB}.Release|Any CPU.ActiveCfg = Release|Any CPU
		{72A74BE2-64E8-483D-8597-DA54BD3125BB}.Release|Any CPU.Build.0 = Release|Any CPU
	EndGlobalSection
	GlobalSection(SolutionProperties) = preSolution
		HideSolutionNode = FALSE
	EndGlobalSection
	GlobalSection(ExtensibilityGlobals) = postSolution
		SolutionGuid = {FF869116-D4B9-4609-A89C-315CE81C837F}
	EndGlobalSection
EndGlobal
